
Microsoft Visual Studio Solution File, Format Version 12.00
# Visual Studio 15
VisualStudioVersion = 15.0.28307.779
MinimumVisualStudioVersion = 10.0.40219.1
Project("{E24C65DC-7377-472B-9ABA-BC803B73C61A}") = "hotel booking system", "hotel booking system\", "{50604C81-8688-4A34-B391-01E4C558D5B5}"
	ProjectSection(WebsiteProperties) = preProject
		TargetFrameworkMoniker = ".NETFramework,Version%3Dv4.6.1"
		Debug.AspNetCompiler.VirtualPath = "/localhost_53827"
		Debug.AspNetCompiler.PhysicalPath = "hotel booking system\"
		Debug.AspNetCompiler.TargetPath = "PrecompiledWeb\localhost_53827\"
		Debug.AspNetCompiler.Updateable = "true"
		Debug.AspNetCompiler.ForceOverwrite = "true"
		Debug.AspNetCompiler.FixedNames = "false"
		Debug.AspNetCompiler.Debug = "True"
		Release.AspNetCompiler.VirtualPath = "/localhost_53827"
		Release.AspNetCompiler.PhysicalPath = "hotel booking system\"
		Release.AspNetCompiler.TargetPath = "PrecompiledWeb\localhost_53827\"
		Release.AspNetCompiler.Updateable = "true"
		Release.AspNetCompiler.ForceOverwrite = "true"
		Release.AspNetCompiler.FixedNames = "false"
		Release.AspNetCompiler.Debug = "False"
		VWDPort = "53827"
		SlnRelativePath = "hotel booking system\"
		DefaultWebSiteLanguage = "Visual C#"
	EndProjectSection
EndProject
Global
	GlobalSection(SolutionConfigurationPlatforms) = preSolution
		Debug|Any CPU = Debug|Any CPU
	EndGlobalSection
	GlobalSection(ProjectConfigurationPlatforms) = postSolution
		{50604C81-8688-4A34-B391-01E4C558D5B5}.Debug|Any CPU.ActiveCfg = Debug|Any CPU
		{50604C81-8688-4A34-B391-01E4C558D5B5}.Debug|Any CPU.Build.0 = Debug|Any CPU
	EndGlobalSection
	GlobalSection(SolutionProperties) = preSolution
		HideSolutionNode = FALSE
	EndGlobalSection
	GlobalSection(ExtensibilityGlobals) = postSolution
		SolutionGuid = {AB8726ED-7E8E-46F7-AE32-6E33B4CE3BBF}
	EndGlobalSection
EndGlobal
