
Microsoft Visual Studio Solution File, Format Version 12.00
# Visual Studio 15
VisualStudioVersion = 15.0.28307.779
MinimumVisualStudioVersion = 10.0.40219.1
Project("{E24C65DC-7377-472B-9ABA-BC803B73C61A}") = "hotel booking system", "..\", "{7968B6C9-92FB-4317-84A6-FD47DAFD56B3}"
	ProjectSection(WebsiteProperties) = preProject
		TargetFrameworkMoniker = ".NETFramework,Version%3Dv4.0"
		Debug.AspNetCompiler.VirtualPath = "/localhost_59348"
		Debug.AspNetCompiler.PhysicalPath = "P:\asp.net websites self made\hotel booking system\"
		Debug.AspNetCompiler.TargetPath = "PrecompiledWeb\localhost_59348\"
		Debug.AspNetCompiler.Updateable = "true"
		Debug.AspNetCompiler.ForceOverwrite = "true"
		Debug.AspNetCompiler.FixedNames = "false"
		Debug.AspNetCompiler.Debug = "True"
		Release.AspNetCompiler.VirtualPath = "/localhost_59348"
		Release.AspNetCompiler.PhysicalPath = "P:\asp.net websites self made\hotel booking system\"
		Release.AspNetCompiler.TargetPath = "PrecompiledWeb\localhost_59348\"
		Release.AspNetCompiler.Updateable = "true"
		Release.AspNetCompiler.ForceOverwrite = "true"
		Release.AspNetCompiler.FixedNames = "false"
		Release.AspNetCompiler.Debug = "False"
		VWDPort = "59348"
	EndProjectSection
EndProject
Global
	GlobalSection(SolutionConfigurationPlatforms) = preSolution
		Debug|Any CPU = Debug|Any CPU
	EndGlobalSection
	GlobalSection(ProjectConfigurationPlatforms) = postSolution
		{7968B6C9-92FB-4317-84A6-FD47DAFD56B3}.Debug|Any CPU.ActiveCfg = Debug|Any CPU
		{7968B6C9-92FB-4317-84A6-FD47DAFD56B3}.Debug|Any CPU.Build.0 = Debug|Any CPU
	EndGlobalSection
	GlobalSection(SolutionProperties) = preSolution
		HideSolutionNode = FALSE
	EndGlobalSection
	GlobalSection(ExtensibilityGlobals) = postSolution
		SolutionGuid = {D85DBC58-D887-4487-9484-D833CD183523}
	EndGlobalSection
EndGlobal
